// !$*UTF8*$!
{
	archiveVersion = 1;
	classes = {
	};
	objectVersion = 50;
	objects = {

/* Begin PBXBuildFile section */
		044A77CE249E770C008B3C59 /* CardGame.swift in Sources */ = {isa = PBXBuildFile; fileRef = 044A77CD249E770C008B3C59 /* CardGame.swift */; };
		045211A924D324BB00D6AD97 /* Grid.swift in Sources */ = {isa = PBXBuildFile; fileRef = 045211A824D324BB00D6AD97 /* Grid.swift */; };
		045211AD24D45FE000D6AD97 /* GridLayout 2.swift in Sources */ = {isa = PBXBuildFile; fileRef = 045211AC24D45FE000D6AD97 /* GridLayout 2.swift */; };
		045211AF24D4709700D6AD97 /* array+identifiable.swift in Sources */ = {isa = PBXBuildFile; fileRef = 045211AE24D4709700D6AD97 /* array+identifiable.swift */; };
		045211B324D4892500D6AD97 /* array+only.swift in Sources */ = {isa = PBXBuildFile; fileRef = 045211B224D4892500D6AD97 /* array+only.swift */; };
		045211B924D4B78A00D6AD97 /* EmojiArtGame.swift in Sources */ = {isa = PBXBuildFile; fileRef = 045211B824D4B78A00D6AD97 /* EmojiArtGame.swift */; };
		045211BB24D4B85300D6AD97 /* emojiTheme.swift in Sources */ = {isa = PBXBuildFile; fileRef = 045211BA24D4B85300D6AD97 /* emojiTheme.swift */; };
		045211BD24D5B75D00D6AD97 /* Theme.swift in Sources */ = {isa = PBXBuildFile; fileRef = 045211BC24D5B75D00D6AD97 /* Theme.swift */; };
		045C6C65249C01D10012B300 /* AppDelegate.swift in Sources */ = {isa = PBXBuildFile; fileRef = 045C6C64249C01D10012B300 /* AppDelegate.swift */; };
		045C6C67249C01D10012B300 /* SceneDelegate.swift in Sources */ = {isa = PBXBuildFile; fileRef = 045C6C66249C01D10012B300 /* SceneDelegate.swift */; };
		045C6C69249C01D10012B300 /* ContentView.swift in Sources */ = {isa = PBXBuildFile; fileRef = 045C6C68249C01D10012B300 /* ContentView.swift */; };
		045C6C6B249C01D20012B300 /* Assets.xcassets in Resources */ = {isa = PBXBuildFile; fileRef = 045C6C6A249C01D20012B300 /* Assets.xcassets */; };
		045C6C6E249C01D20012B300 /* Preview Assets.xcassets in Resources */ = {isa = PBXBuildFile; fileRef = 045C6C6D249C01D20012B300 /* Preview Assets.xcassets */; };
		045C6C71249C01D20012B300 /* LaunchScreen.storyboard in Resources */ = {isa = PBXBuildFile; fileRef = 045C6C6F249C01D20012B300 /* LaunchScreen.storyboard */; };
/* End PBXBuildFile section */

/* Begin PBXFileReference section */
		044A77CD249E770C008B3C59 /* CardGame.swift */ = {isa = PBXFileReference; lastKnownFileType = sourcecode.swift; path = CardGame.swift; sourceTree = "<group>"; };
		045211A824D324BB00D6AD97 /* Grid.swift */ = {isa = PBXFileReference; lastKnownFileType = sourcecode.swift; path = Grid.swift; sourceTree = "<group>"; };
		045211AC24D45FE000D6AD97 /* GridLayout 2.swift */ = {isa = PBXFileReference; fileEncoding = 4; lastKnownFileType = sourcecode.swift; path = "GridLayout 2.swift"; sourceTree = "<group>"; };
		045211AE24D4709700D6AD97 /* array+identifiable.swift */ = {isa = PBXFileReference; lastKnownFileType = sourcecode.swift; path = "array+identifiable.swift"; sourceTree = "<group>"; };
		045211B224D4892500D6AD97 /* array+only.swift */ = {isa = PBXFileReference; lastKnownFileType = sourcecode.swift; path = "array+only.swift"; sourceTree = SOURCE_ROOT; };
		045211B824D4B78A00D6AD97 /* EmojiArtGame.swift */ = {isa = PBXFileReference; lastKnownFileType = sourcecode.swift; path = EmojiArtGame.swift; sourceTree = "<group>"; };
		045211BA24D4B85300D6AD97 /* emojiTheme.swift */ = {isa = PBXFileReference; lastKnownFileType = sourcecode.swift; path = emojiTheme.swift; sourceTree = "<group>"; };
		045211BC24D5B75D00D6AD97 /* Theme.swift */ = {isa = PBXFileReference; lastKnownFileType = sourcecode.swift; path = Theme.swift; sourceTree = "<group>"; };
		045C6C61249C01D10012B300 /* meomorize.app */ = {isa = PBXFileReference; explicitFileType = wrapper.application; includeInIndex = 0; path = meomorize.app; sourceTree = BUILT_PRODUCTS_DIR; };
		045C6C64249C01D10012B300 /* AppDelegate.swift */ = {isa = PBXFileReference; lastKnownFileType = sourcecode.swift; path = AppDelegate.swift; sourceTree = "<group>"; };
		045C6C66249C01D10012B300 /* SceneDelegate.swift */ = {isa = PBXFileReference; lastKnownFileType = sourcecode.swift; path = SceneDelegate.swift; sourceTree = "<group>"; };
		045C6C68249C01D10012B300 /* ContentView.swift */ = {isa = PBXFileReference; lastKnownFileType = sourcecode.swift; path = ContentView.swift; sourceTree = "<group>"; };
		045C6C6A249C01D20012B300 /* Assets.xcassets */ = {isa = PBXFileReference; lastKnownFileType = folder.assetcatalog; path = Assets.xcassets; sourceTree = "<group>"; };
		045C6C6D249C01D20012B300 /* Preview Assets.xcassets */ = {isa = PBXFileReference; lastKnownFileType = folder.assetcatalog; path = "Preview Assets.xcassets"; sourceTree = "<group>"; };
		045C6C70249C01D20012B300 /* Base */ = {isa = PBXFileReference; lastKnownFileType = file.storyboard; name = Base; path = Base.lproj/LaunchScreen.storyboard; sourceTree = "<group>"; };
		045C6C72249C01D20012B300 /* Info.plist */ = {isa = PBXFileReference; lastKnownFileType = text.plist.xml; path = Info.plist; sourceTree = "<group>"; };
/* End PBXFileReference section */

/* Begin PBXFrameworksBuildPhase section */
		045C6C5E249C01D10012B300 /* Frameworks */ = {
			isa = PBXFrameworksBuildPhase;
			buildActionMask = 2147483647;
			files = (
			);
			runOnlyForDeploymentPostprocessing = 0;
		};
/* End PBXFrameworksBuildPhase section */

/* Begin PBXGroup section */
		045C6C58249C01D10012B300 = {
			isa = PBXGroup;
			children = (
				045C6C63249C01D10012B300 /* meomorize */,
				045C6C62249C01D10012B300 /* Products */,
			);
			sourceTree = "<group>";
		};
		045C6C62249C01D10012B300 /* Products */ = {
			isa = PBXGroup;
			children = (
				045C6C61249C01D10012B300 /* meomorize.app */,
			);
			name = Products;
			sourceTree = "<group>";
		};
		045C6C63249C01D10012B300 /* meomorize */ = {
			isa = PBXGroup;
			children = (
				045211BA24D4B85300D6AD97 /* emojiTheme.swift */,
				045211BC24D5B75D00D6AD97 /* Theme.swift */,
				045211B824D4B78A00D6AD97 /* EmojiArtGame.swift */,
				045211B224D4892500D6AD97 /* array+only.swift */,
				045C6C64249C01D10012B300 /* AppDelegate.swift */,
				045C6C66249C01D10012B300 /* SceneDelegate.swift */,
				045C6C68249C01D10012B300 /* ContentView.swift */,
				045211A824D324BB00D6AD97 /* Grid.swift */,
				044A77CD249E770C008B3C59 /* CardGame.swift */,
				045211AE24D4709700D6AD97 /* array+identifiable.swift */,
				045211AC24D45FE000D6AD97 /* GridLayout 2.swift */,
				045C6C6A249C01D20012B300 /* Assets.xcassets */,
				045C6C6F249C01D20012B300 /* LaunchScreen.storyboard */,
				045C6C72249C01D20012B300 /* Info.plist */,
				045C6C6C249C01D20012B300 /* Preview Content */,
			);
			path = meomorize;
			sourceTree = "<group>";
		};
		045C6C6C249C01D20012B300 /* Preview Content */ = {
			isa = PBXGroup;
			children = (
				045C6C6D249C01D20012B300 /* Preview Assets.xcassets */,
			);
			path = "Preview Content";
			sourceTree = "<group>";
		};
/* End PBXGroup section */

/* Begin PBXNativeTarget section */
		045C6C60249C01D10012B300 /* meomorize */ = {
			isa = PBXNativeTarget;
			buildConfigurationList = 045C6C75249C01D20012B300 /* Build configuration list for PBXNativeTarget "meomorize" */;
			buildPhases = (
				045C6C5D249C01D10012B300 /* Sources */,
				045C6C5E249C01D10012B300 /* Frameworks */,
				045C6C5F249C01D10012B300 /* Resources */,
			);
			buildRules = (
			);
			dependencies = (
			);
			name = meomorize;
			productName = meomorize;
			productReference = 045C6C61249C01D10012B300 /* meomorize.app */;
			productType = "com.apple.product-type.application";
		};
/* End PBXNativeTarget section */

/* Begin PBXProject section */
		045C6C59249C01D10012B300 /* Project object */ = {
			isa = PBXProject;
			attributes = {
				LastSwiftUpdateCheck = 1150;
				LastUpgradeCheck = 1150;
				ORGANIZATIONNAME = MAC;
				TargetAttributes = {
					045C6C60249C01D10012B300 = {
						CreatedOnToolsVersion = 11.5;
					};
				};
			};
			buildConfigurationList = 045C6C5C249C01D10012B300 /* Build configuration list for PBXProject "meomorize" */;
			compatibilityVersion = "Xcode 9.3";
			developmentRegion = en;
			hasScannedForEncodings = 0;
			knownRegions = (
				en,
				Base,
			);
			mainGroup = 045C6C58249C01D10012B300;
			productRefGroup = 045C6C62249C01D10012B300 /* Products */;
			projectDirPath = "";
			projectRoot = "";
			targets = (
				045C6C60249C01D10012B300 /* meomorize */,
			);
		};
/* End PBXProject section */

/* Begin PBXResourcesBuildPhase section */
		045C6C5F249C01D10012B300 /* Resources */ = {
			isa = PBXResourcesBuildPhase;
			buildActionMask = 2147483647;
			files = (
				045C6C71249C01D20012B300 /* LaunchScreen.storyboard in Resources */,
				045C6C6E249C01D20012B300 /* Preview Assets.xcassets in Resources */,
				045C6C6B249C01D20012B300 /* Assets.xcassets in Resources */,
			);
			runOnlyForDeploymentPostprocessing = 0;
		};
/* End PBXResourcesBuildPhase section */

/* Begin PBXSourcesBuildPhase section */
		045C6C5D249C01D10012B300 /* Sources */ = {
			isa = PBXSourcesBuildPhase;
			buildActionMask = 2147483647;
			files = (
				045211BB24D4B85300D6AD97 /* emojiTheme.swift in Sources */,
				045C6C65249C01D10012B300 /* AppDelegate.swift in Sources */,
				044A77CE249E770C008B3C59 /* CardGame.swift in Sources */,
				045C6C67249C01D10012B300 /* SceneDelegate.swift in Sources */,
				045211BD24D5B75D00D6AD97 /* Theme.swift in Sources */,
				045211B924D4B78A00D6AD97 /* EmojiArtGame.swift in Sources */,
				045C6C69249C01D10012B300 /* ContentView.swift in Sources */,
				045211B324D4892500D6AD97 /* array+only.swift in Sources */,
				045211AF24D4709700D6AD97 /* array+identifiable.swift in Sources */,
				045211A924D324BB00D6AD97 /* Grid.swift in Sources */,
				045211AD24D45FE000D6AD97 /* GridLayout 2.swift in Sources */,
			);
			runOnlyForDeploymentPostprocessing = 0;
		};
/* End PBXSourcesBuildPhase section */

/* Begin PBXVariantGroup section */
		045C6C6F249C01D20012B300 /* LaunchScreen.storyboard */ = {
			isa = PBXVariantGroup;
			children = (
				045C6C70249C01D20012B300 /* Base */,
			);
			name = LaunchScreen.storyboard;
			sourceTree = "<group>";
		};
/* End PBXVariantGroup section */

/* Begin XCBuildConfiguration section */
		045C6C73249C01D20012B300 /* Debug */ = {
			isa = XCBuildConfiguration;
			buildSettings = {
				ALWAYS_SEARCH_USER_PATHS = NO;
				CLANG_ANALYZER_NONNULL = YES;
				CLANG_ANALYZER_NUMBER_OBJECT_CONVERSION = YES_AGGRESSIVE;
				CLANG_CXX_LANGUAGE_STANDARD = "gnu++14";
				CLANG_CXX_LIBRARY = "libc++";
				CLANG_ENABLE_MODULES = YES;
				CLANG_ENABLE_OBJC_ARC = YES;
				CLANG_ENABLE_OBJC_WEAK = YES;
				CLANG_WARN_BLOCK_CAPTURE_AUTORELEASING = YES;
				CLANG_WARN_BOOL_CONVERSION = YES;
				CLANG_WARN_COMMA = YES;
				CLANG_WARN_CONSTANT_CONVERSION = YES;
				CLANG_WARN_DEPRECATED_OBJC_IMPLEMENTATIONS = YES;
				CLANG_WARN_DIRECT_OBJC_ISA_USAGE = YES_ERROR;
				CLANG_WARN_DOCUMENTATION_COMMENTS = YES;
				CLANG_WARN_EMPTY_BODY = YES;
				CLANG_WARN_ENUM_CONVERSION = YES;
				CLANG_WARN_INFINITE_RECURSION = YES;
				CLANG_WARN_INT_CONVERSION = YES;
				CLANG_WARN_NON_LITERAL_NULL_CONVERSION = YES;
				CLANG_WARN_OBJC_IMPLICIT_RETAIN_SELF = YES;
				CLANG_WARN_OBJC_LITERAL_CONVERSION = YES;
				CLANG_WARN_OBJC_ROOT_CLASS = YES_ERROR;
				CLANG_WARN_RANGE_LOOP_ANALYSIS = YES;
				CLANG_WARN_STRICT_PROTOTYPES = YES;
				CLANG_WARN_SUSPICIOUS_MOVE = YES;
				CLANG_WARN_UNGUARDED_AVAILABILITY = YES_AGGRESSIVE;
				CLANG_WARN_UNREACHABLE_CODE = YES;
				CLANG_WARN__DUPLICATE_METHOD_MATCH = YES;
				COPY_PHASE_STRIP = NO;
				DEBUG_INFORMATION_FORMAT = dwarf;
				ENABLE_STRICT_OBJC_MSGSEND = YES;
				ENABLE_TESTABILITY = YES;
				GCC_C_LANGUAGE_STANDARD = gnu11;
				GCC_DYNAMIC_NO_PIC = NO;
				GCC_NO_COMMON_BLOCKS = YES;
				GCC_OPTIMIZATION_LEVEL = 0;
				GCC_PREPROCESSOR_DEFINITIONS = (
					"DEBUG=1",
					"$(inherited)",
				);
				GCC_WARN_64_TO_32_BIT_CONVERSION = YES;
				GCC_WARN_ABOUT_RETURN_TYPE = YES_ERROR;
				GCC_WARN_UNDECLARED_SELECTOR = YES;
				GCC_WARN_UNINITIALIZED_AUTOS = YES_AGGRESSIVE;
				GCC_WARN_UNUSED_FUNCTION = YES;
				GCC_WARN_UNUSED_VARIABLE = YES;
				IPHONEOS_DEPLOYMENT_TARGET = 13.5;
				MTL_ENABLE_DEBUG_INFO = INCLUDE_SOURCE;
				MTL_FAST_MATH = YES;
				ONLY_ACTIVE_ARCH = YES;
				SDKROOT = iphoneos;
				SWIFT_ACTIVE_COMPILATION_CONDITIONS = DEBUG;
				SWIFT_OPTIMIZATION_LEVEL = "-Onone";
			};
			name = Debug;
		};
		045C6C74249C01D20012B300 /* Release */ = {
			isa = XCBuildConfiguration;
			buildSettings = {
				ALWAYS_SEARCH_USER_PATHS = NO;
				CLANG_ANALYZER_NONNULL = YES;
				CLANG_ANALYZER_NUMBER_OBJECT_CONVERSION = YES_AGGRESSIVE;
				CLANG_CXX_LANGUAGE_STANDARD = "gnu++14";
				CLANG_CXX_LIBRARY = "libc++";
				CLANG_ENABLE_MODULES = YES;
				CLANG_ENABLE_OBJC_ARC = YES;
				CLANG_ENABLE_OBJC_WEAK = YES;
				CLANG_WARN_BLOCK_CAPTURE_AUTORELEASING = YES;
				CLANG_WARN_BOOL_CONVERSION = YES;
				CLANG_WARN_COMMA = YES;
				CLANG_WARN_CONSTANT_CONVERSION = YES;
				CLANG_WARN_DEPRECATED_OBJC_IMPLEMENTATIONS = YES;
				CLANG_WARN_DIRECT_OBJC_ISA_USAGE = YES_ERROR;
				CLANG_WARN_DOCUMENTATION_COMMENTS = YES;
				CLANG_WARN_EMPTY_BODY = YES;
				CLANG_WARN_ENUM_CONVERSION = YES;
				CLANG_WARN_INFINITE_RECURSION = YES;
				CLANG_WARN_INT_CONVERSION = YES;
				CLANG_WARN_NON_LITERAL_NULL_CONVERSION = YES;
				CLANG_WARN_OBJC_IMPLICIT_RETAIN_SELF = YES;
				CLANG_WARN_OBJC_LITERAL_CONVERSION = YES;
				CLANG_WARN_OBJC_ROOT_CLASS = YES_ERROR;
				CLANG_WARN_RANGE_LOOP_ANALYSIS = YES;
				CLANG_WARN_STRICT_PROTOTYPES = YES;
				CLANG_WARN_SUSPICIOUS_MOVE = YES;
				CLANG_WARN_UNGUARDED_AVAILABILITY = YES_AGGRESSIVE;
				CLANG_WARN_UNREACHABLE_CODE = YES;
				CLANG_WARN__DUPLICATE_METHOD_MATCH = YES;
				COPY_PHASE_STRIP = NO;
				DEBUG_INFORMATION_FORMAT = "dwarf-with-dsym";
				ENABLE_NS_ASSERTIONS = NO;
				ENABLE_STRICT_OBJC_MSGSEND = YES;
				GCC_C_LANGUAGE_STANDARD = gnu11;
				GCC_NO_COMMON_BLOCKS = YES;
				GCC_WARN_64_TO_32_BIT_CONVERSION = YES;
				GCC_WARN_ABOUT_RETURN_TYPE = YES_ERROR;
				GCC_WARN_UNDECLARED_SELECTOR = YES;
				GCC_WARN_UNINITIALIZED_AUTOS = YES_AGGRESSIVE;
				GCC_WARN_UNUSED_FUNCTION = YES;
				GCC_WARN_UNUSED_VARIABLE = YES;
				IPHONEOS_DEPLOYMENT_TARGET = 13.5;
				MTL_ENABLE_DEBUG_INFO = NO;
				MTL_FAST_MATH = YES;
				SDKROOT = iphoneos;
				SWIFT_COMPILATION_MODE = wholemodule;
				SWIFT_OPTIMIZATION_LEVEL = "-O";
				VALIDATE_PRODUCT = YES;
			};
			name = Release;
		};
		045C6C76249C01D20012B300 /* Debug */ = {
			isa = XCBuildConfiguration;
			buildSettings = {
				ASSETCATALOG_COMPILER_APPICON_NAME = AppIcon;
				CODE_SIGN_STYLE = Automatic;
				DEVELOPMENT_ASSET_PATHS = "\"meomorize/Preview Content\"";
				DEVELOPMENT_TEAM = 8D4SVADJV4;
				ENABLE_PREVIEWS = YES;
				INFOPLIST_FILE = meomorize/Info.plist;
				LD_RUNPATH_SEARCH_PATHS = (
					"$(inherited)",
					"@executable_path/Frameworks",
				);
				PRODUCT_BUNDLE_IDENTIFIER = Kerollos.Nabil.Fahmy.KNF.meomorize;
				PRODUCT_NAME = "$(TARGET_NAME)";
				SWIFT_VERSION = 5.0;
				TARGETED_DEVICE_FAMILY = "1,2";
			};
			name = Debug;
		};
		045C6C77249C01D20012B300 /* Release */ = {
			isa = XCBuildConfiguration;
			buildSettings = {
				ASSETCATALOG_COMPILER_APPICON_NAME = AppIcon;
				CODE_SIGN_STYLE = Automatic;
				DEVELOPMENT_ASSET_PATHS = "\"meomorize/Preview Content\"";
				DEVELOPMENT_TEAM = 8D4SVADJV4;
				ENABLE_PREVIEWS = YES;
				INFOPLIST_FILE = meomorize/Info.plist;
				LD_RUNPATH_SEARCH_PATHS = (
					"$(inherited)",
					"@executable_path/Frameworks",
				);
				PRODUCT_BUNDLE_IDENTIFIER = Kerollos.Nabil.Fahmy.KNF.meomorize;
				PRODUCT_NAME = "$(TARGET_NAME)";
				SWIFT_VERSION = 5.0;
				TARGETED_DEVICE_FAMILY = "1,2";
			};
			name = Release;
		};
/* End XCBuildConfiguration section */

/* Begin XCConfigurationList section */
		045C6C5C249C01D10012B300 /* Build configuration list for PBXProject "meomorize" */ = {
			isa = XCConfigurationList;
			buildConfigurations = (
				045C6C73249C01D20012B300 /* Debug */,
				045C6C74249C01D20012B300 /* Release */,
			);
			defaultConfigurationIsVisible = 0;
			defaultConfigurationName = Release;
		};
		045C6C75249C01D20012B300 /* Build configuration list for PBXNativeTarget "meomorize" */ = {
			isa = XCConfigurationList;
			buildConfigurations = (
				045C6C76249C01D20012B300 /* Debug */,
				045C6C77249C01D20012B300 /* Release */,
			);
			defaultConfigurationIsVisible = 0;
			defaultConfigurationName = Release;
		};
/* End XCConfigurationList section */
	};
	rootObject = 045C6C59249C01D10012B300 /* Project object */;
}
